
Microsoft Visual Studio Solution File, Format Version 12.00
# Visual Studio Version 17
VisualStudioVersion = 17.7.34202.233
MinimumVisualStudioVersion = 10.0.40219.1
Project("{8BC9CEB8-8B4A-11D0-8D11-00A0C91BC942}") = "LAB8_3_1", "LAB8_3_1\LAB8_3_1.vcxproj", "{8F35D963-7C18-4304-9ECB-88BCAD9DAF3F}"
EndProject
Project("{8BC9CEB8-8B4A-11D0-8D11-00A0C91BC942}") = "LAB8_3_2", "LAB8_3_2\LAB8_3_2.vcxproj", "{94F87096-B5A9-48C7-9B28-4593EAA9C350}"
EndProject
Project("{8BC9CEB8-8B4A-11D0-8D11-00A0C91BC942}") = "LAB8_4", "LAB8_4\LAB8_4.vcxproj", "{9DFD390C-480E-40E4-A704-0D6CA4DB5076}"
EndProject
Project("{8BC9CEB8-8B4A-11D0-8D11-00A0C91BC942}") = "HW8_1", "HW8_1\HW8_1.vcxproj", "{F58B0675-6C9C-4B84-B938-63A253BA5638}"
EndProject
Project("{8BC9CEB8-8B4A-11D0-8D11-00A0C91BC942}") = "HW8_2", "HW8_2\HW8_2.vcxproj", "{B7D799A5-7CA8-49AF-AA6C-B365984370FE}"
EndProject
Project("{8BC9CEB8-8B4A-11D0-8D11-00A0C91BC942}") = "HW8_3", "HW8_3\HW8_3.vcxproj", "{9A4A2DC7-52EC-4A6A-B839-B5034609BC1B}"
EndProject
Global
	GlobalSection(SolutionConfigurationPlatforms) = preSolution
		Debug|x64 = Debug|x64
		Debug|x86 = Debug|x86
		Release|x64 = Release|x64
		Release|x86 = Release|x86
	EndGlobalSection
	GlobalSection(ProjectConfigurationPlatforms) = postSolution
		{8F35D963-7C18-4304-9ECB-88BCAD9DAF3F}.Debug|x64.ActiveCfg = Debug|x64
		{8F35D963-7C18-4304-9ECB-88BCAD9DAF3F}.Debug|x64.Build.0 = Debug|x64
		{8F35D963-7C18-4304-9ECB-88BCAD9DAF3F}.Debug|x86.ActiveCfg = Debug|Win32
		{8F35D963-7C18-4304-9ECB-88BCAD9DAF3F}.Debug|x86.Build.0 = Debug|Win32
		{8F35D963-7C18-4304-9ECB-88BCAD9DAF3F}.Release|x64.ActiveCfg = Release|x64
		{8F35D963-7C18-4304-9ECB-88BCAD9DAF3F}.Release|x64.Build.0 = Release|x64
		{8F35D963-7C18-4304-9ECB-88BCAD9DAF3F}.Release|x86.ActiveCfg = Release|Win32
		{8F35D963-7C18-4304-9ECB-88BCAD9DAF3F}.Release|x86.Build.0 = Release|Win32
		{94F87096-B5A9-48C7-9B28-4593EAA9C350}.Debug|x64.ActiveCfg = Debug|x64
		{94F87096-B5A9-48C7-9B28-4593EAA9C350}.Debug|x64.Build.0 = Debug|x64
		{94F87096-B5A9-48C7-9B28-4593EAA9C350}.Debug|x86.ActiveCfg = Debug|Win32
		{94F87096-B5A9-48C7-9B28-4593EAA9C350}.Debug|x86.Build.0 = Debug|Win32
		{94F87096-B5A9-48C7-9B28-4593EAA9C350}.Release|x64.ActiveCfg = Release|x64
		{94F87096-B5A9-48C7-9B28-4593EAA9C350}.Release|x64.Build.0 = Release|x64
		{94F87096-B5A9-48C7-9B28-4593EAA9C350}.Release|x86.ActiveCfg = Release|Win32
		{94F87096-B5A9-48C7-9B28-4593EAA9C350}.Release|x86.Build.0 = Release|Win32
		{9DFD390C-480E-40E4-A704-0D6CA4DB5076}.Debug|x64.ActiveCfg = Debug|x64
		{9DFD390C-480E-40E4-A704-0D6CA4DB5076}.Debug|x64.Build.0 = Debug|x64
		{9DFD390C-480E-40E4-A704-0D6CA4DB5076}.Debug|x86.ActiveCfg = Debug|Win32
		{9DFD390C-480E-40E4-A704-0D6CA4DB5076}.Debug|x86.Build.0 = Debug|Win32
		{9DFD390C-480E-40E4-A704-0D6CA4DB5076}.Release|x64.ActiveCfg = Release|x64
		{9DFD390C-480E-40E4-A704-0D6CA4DB5076}.Release|x64.Build.0 = Release|x64
		{9DFD390C-480E-40E4-A704-0D6CA4DB5076}.Release|x86.ActiveCfg = Release|Win32
		{9DFD390C-480E-40E4-A704-0D6CA4DB5076}.Release|x86.Build.0 = Release|Win32
		{F58B0675-6C9C-4B84-B938-63A253BA5638}.Debug|x64.ActiveCfg = Debug|x64
		{F58B0675-6C9C-4B84-B938-63A253BA5638}.Debug|x64.Build.0 = Debug|x64
		{F58B0675-6C9C-4B84-B938-63A253BA5638}.Debug|x86.ActiveCfg = Debug|Win32
		{F58B0675-6C9C-4B84-B938-63A253BA5638}.Debug|x86.Build.0 = Debug|Win32
		{F58B0675-6C9C-4B84-B938-63A253BA5638}.Release|x64.ActiveCfg = Release|x64
		{F58B0675-6C9C-4B84-B938-63A253BA5638}.Release|x64.Build.0 = Release|x64
		{F58B0675-6C9C-4B84-B938-63A253BA5638}.Release|x86.ActiveCfg = Release|Win32
		{F58B0675-6C9C-4B84-B938-63A253BA5638}.Release|x86.Build.0 = Release|Win32
		{B7D799A5-7CA8-49AF-AA6C-B365984370FE}.Debug|x64.ActiveCfg = Debug|x64
		{B7D799A5-7CA8-49AF-AA6C-B365984370FE}.Debug|x64.Build.0 = Debug|x64
		{B7D799A5-7CA8-49AF-AA6C-B365984370FE}.Debug|x86.ActiveCfg = Debug|Win32
		{B7D799A5-7CA8-49AF-AA6C-B365984370FE}.Debug|x86.Build.0 = Debug|Win32
		{B7D799A5-7CA8-49AF-AA6C-B365984370FE}.Release|x64.ActiveCfg = Release|x64
		{B7D799A5-7CA8-49AF-AA6C-B365984370FE}.Release|x64.Build.0 = Release|x64
		{B7D799A5-7CA8-49AF-AA6C-B365984370FE}.Release|x86.ActiveCfg = Release|Win32
		{B7D799A5-7CA8-49AF-AA6C-B365984370FE}.Release|x86.Build.0 = Release|Win32
		{9A4A2DC7-52EC-4A6A-B839-B5034609BC1B}.Debug|x64.ActiveCfg = Debug|x64
		{9A4A2DC7-52EC-4A6A-B839-B5034609BC1B}.Debug|x64.Build.0 = Debug|x64
		{9A4A2DC7-52EC-4A6A-B839-B5034609BC1B}.Debug|x86.ActiveCfg = Debug|Win32
		{9A4A2DC7-52EC-4A6A-B839-B5034609BC1B}.Debug|x86.Build.0 = Debug|Win32
		{9A4A2DC7-52EC-4A6A-B839-B5034609BC1B}.Release|x64.ActiveCfg = Release|x64
		{9A4A2DC7-52EC-4A6A-B839-B5034609BC1B}.Release|x64.Build.0 = Release|x64
		{9A4A2DC7-52EC-4A6A-B839-B5034609BC1B}.Release|x86.ActiveCfg = Release|Win32
		{9A4A2DC7-52EC-4A6A-B839-B5034609BC1B}.Release|x86.Build.0 = Release|Win32
	EndGlobalSection
	GlobalSection(SolutionProperties) = preSolution
		HideSolutionNode = FALSE
	EndGlobalSection
	GlobalSection(ExtensibilityGlobals) = postSolution
		SolutionGuid = {F1571E47-CDA9-4BA4-9CAF-AF049458020C}
	EndGlobalSection
EndGlobal
