
Microsoft Visual Studio Solution File, Format Version 12.00
# Visual Studio Version 17
VisualStudioVersion = 17.7.34018.315
MinimumVisualStudioVersion = 10.0.40219.1
Project("{8BC9CEB8-8B4A-11D0-8D11-00A0C91BC942}") = "LAB9_0_2a", "LAB9_0_2a\LAB9_0_2a.vcxproj", "{8E8F3024-72AE-4B9D-BADE-C768276858B5}"
EndProject
Project("{8BC9CEB8-8B4A-11D0-8D11-00A0C91BC942}") = "LAB9_0_2b", "LAB9_0_2b\LAB9_0_2b.vcxproj", "{3661D7A7-5469-4D3B-9A58-DDA526C93731}"
EndProject
Project("{8BC9CEB8-8B4A-11D0-8D11-00A0C91BC942}") = "LAB9_1", "LAB9_1\LAB9_1.vcxproj", "{EC38CCA9-BD06-461D-9A51-9DE99A353A3E}"
EndProject
Project("{8BC9CEB8-8B4A-11D0-8D11-00A0C91BC942}") = "LAB9_4", "LAB9_4\LAB9_4.vcxproj", "{A887EB05-EB0D-4325-B2F6-32A54D8FE4A3}"
EndProject
Project("{8BC9CEB8-8B4A-11D0-8D11-00A0C91BC942}") = "LAB9_5", "LAB9_5\LAB9_5.vcxproj", "{E818CE6D-251F-42AB-9C2E-C27BA8D45ABA}"
EndProject
Project("{8BC9CEB8-8B4A-11D0-8D11-00A0C91BC942}") = "HW9_1", "HW9_1\HW9_1.vcxproj", "{0CE6EB3A-DA3C-44AE-AC1E-DDC8DC36893A}"
EndProject
Project("{8BC9CEB8-8B4A-11D0-8D11-00A0C91BC942}") = "HW9_2", "HW9_2\HW9_2.vcxproj", "{06615448-2F01-457D-B5FB-97814DC54E0C}"
EndProject
Project("{8BC9CEB8-8B4A-11D0-8D11-00A0C91BC942}") = "LAB9_0_1", "LAB9_0_1\LAB9_0_1.vcxproj", "{AA6C21B4-138D-471A-8D99-96A7016112CE}"
EndProject
Project("{8BC9CEB8-8B4A-11D0-8D11-00A0C91BC942}") = "LAB9_2a", "LAB9_2a\LAB9_2a.vcxproj", "{C0CCC73C-5BCA-4567-BB28-9B3D5F88FE50}"
EndProject
Project("{8BC9CEB8-8B4A-11D0-8D11-00A0C91BC942}") = "LAB9_2b", "LAB9_2b\LAB9_2b.vcxproj", "{897842C4-3268-4FF5-8547-DF3934D36F67}"
EndProject
Project("{8BC9CEB8-8B4A-11D0-8D11-00A0C91BC942}") = "LAB9_3", "LAB9_3\LAB9_3.vcxproj", "{38918EB8-697A-4A56-B152-9CDA00F77FFA}"
EndProject
Project("{8BC9CEB8-8B4A-11D0-8D11-00A0C91BC942}") = "LAB_오목", "LAB_오목\LAB_오목.vcxproj", "{06780542-C115-4BCB-A332-E5FA565731B6}"
EndProject
Project("{8BC9CEB8-8B4A-11D0-8D11-00A0C91BC942}") = "HW_수평오목", "HW_수평오목\HW_수평오목.vcxproj", "{A057A370-D2F8-48B0-B42F-982E9D79663D}"
EndProject
Global
	GlobalSection(SolutionConfigurationPlatforms) = preSolution
		Debug|x64 = Debug|x64
		Debug|x86 = Debug|x86
		Release|x64 = Release|x64
		Release|x86 = Release|x86
	EndGlobalSection
	GlobalSection(ProjectConfigurationPlatforms) = postSolution
		{8E8F3024-72AE-4B9D-BADE-C768276858B5}.Debug|x64.ActiveCfg = Debug|x64
		{8E8F3024-72AE-4B9D-BADE-C768276858B5}.Debug|x64.Build.0 = Debug|x64
		{8E8F3024-72AE-4B9D-BADE-C768276858B5}.Debug|x86.ActiveCfg = Debug|Win32
		{8E8F3024-72AE-4B9D-BADE-C768276858B5}.Debug|x86.Build.0 = Debug|Win32
		{8E8F3024-72AE-4B9D-BADE-C768276858B5}.Release|x64.ActiveCfg = Release|x64
		{8E8F3024-72AE-4B9D-BADE-C768276858B5}.Release|x64.Build.0 = Release|x64
		{8E8F3024-72AE-4B9D-BADE-C768276858B5}.Release|x86.ActiveCfg = Release|Win32
		{8E8F3024-72AE-4B9D-BADE-C768276858B5}.Release|x86.Build.0 = Release|Win32
		{3661D7A7-5469-4D3B-9A58-DDA526C93731}.Debug|x64.ActiveCfg = Debug|x64
		{3661D7A7-5469-4D3B-9A58-DDA526C93731}.Debug|x64.Build.0 = Debug|x64
		{3661D7A7-5469-4D3B-9A58-DDA526C93731}.Debug|x86.ActiveCfg = Debug|Win32
		{3661D7A7-5469-4D3B-9A58-DDA526C93731}.Debug|x86.Build.0 = Debug|Win32
		{3661D7A7-5469-4D3B-9A58-DDA526C93731}.Release|x64.ActiveCfg = Release|x64
		{3661D7A7-5469-4D3B-9A58-DDA526C93731}.Release|x64.Build.0 = Release|x64
		{3661D7A7-5469-4D3B-9A58-DDA526C93731}.Release|x86.ActiveCfg = Release|Win32
		{3661D7A7-5469-4D3B-9A58-DDA526C93731}.Release|x86.Build.0 = Release|Win32
		{EC38CCA9-BD06-461D-9A51-9DE99A353A3E}.Debug|x64.ActiveCfg = Debug|x64
		{EC38CCA9-BD06-461D-9A51-9DE99A353A3E}.Debug|x64.Build.0 = Debug|x64
		{EC38CCA9-BD06-461D-9A51-9DE99A353A3E}.Debug|x86.ActiveCfg = Debug|Win32
		{EC38CCA9-BD06-461D-9A51-9DE99A353A3E}.Debug|x86.Build.0 = Debug|Win32
		{EC38CCA9-BD06-461D-9A51-9DE99A353A3E}.Release|x64.ActiveCfg = Release|x64
		{EC38CCA9-BD06-461D-9A51-9DE99A353A3E}.Release|x64.Build.0 = Release|x64
		{EC38CCA9-BD06-461D-9A51-9DE99A353A3E}.Release|x86.ActiveCfg = Release|Win32
		{EC38CCA9-BD06-461D-9A51-9DE99A353A3E}.Release|x86.Build.0 = Release|Win32
		{A887EB05-EB0D-4325-B2F6-32A54D8FE4A3}.Debug|x64.ActiveCfg = Debug|x64
		{A887EB05-EB0D-4325-B2F6-32A54D8FE4A3}.Debug|x64.Build.0 = Debug|x64
		{A887EB05-EB0D-4325-B2F6-32A54D8FE4A3}.Debug|x86.ActiveCfg = Debug|Win32
		{A887EB05-EB0D-4325-B2F6-32A54D8FE4A3}.Debug|x86.Build.0 = Debug|Win32
		{A887EB05-EB0D-4325-B2F6-32A54D8FE4A3}.Release|x64.ActiveCfg = Release|x64
		{A887EB05-EB0D-4325-B2F6-32A54D8FE4A3}.Release|x64.Build.0 = Release|x64
		{A887EB05-EB0D-4325-B2F6-32A54D8FE4A3}.Release|x86.ActiveCfg = Release|Win32
		{A887EB05-EB0D-4325-B2F6-32A54D8FE4A3}.Release|x86.Build.0 = Release|Win32
		{E818CE6D-251F-42AB-9C2E-C27BA8D45ABA}.Debug|x64.ActiveCfg = Debug|x64
		{E818CE6D-251F-42AB-9C2E-C27BA8D45ABA}.Debug|x64.Build.0 = Debug|x64
		{E818CE6D-251F-42AB-9C2E-C27BA8D45ABA}.Debug|x86.ActiveCfg = Debug|Win32
		{E818CE6D-251F-42AB-9C2E-C27BA8D45ABA}.Debug|x86.Build.0 = Debug|Win32
		{E818CE6D-251F-42AB-9C2E-C27BA8D45ABA}.Release|x64.ActiveCfg = Release|x64
		{E818CE6D-251F-42AB-9C2E-C27BA8D45ABA}.Release|x64.Build.0 = Release|x64
		{E818CE6D-251F-42AB-9C2E-C27BA8D45ABA}.Release|x86.ActiveCfg = Release|Win32
		{E818CE6D-251F-42AB-9C2E-C27BA8D45ABA}.Release|x86.Build.0 = Release|Win32
		{0CE6EB3A-DA3C-44AE-AC1E-DDC8DC36893A}.Debug|x64.ActiveCfg = Debug|x64
		{0CE6EB3A-DA3C-44AE-AC1E-DDC8DC36893A}.Debug|x64.Build.0 = Debug|x64
		{0CE6EB3A-DA3C-44AE-AC1E-DDC8DC36893A}.Debug|x86.ActiveCfg = Debug|Win32
		{0CE6EB3A-DA3C-44AE-AC1E-DDC8DC36893A}.Debug|x86.Build.0 = Debug|Win32
		{0CE6EB3A-DA3C-44AE-AC1E-DDC8DC36893A}.Release|x64.ActiveCfg = Release|x64
		{0CE6EB3A-DA3C-44AE-AC1E-DDC8DC36893A}.Release|x64.Build.0 = Release|x64
		{0CE6EB3A-DA3C-44AE-AC1E-DDC8DC36893A}.Release|x86.ActiveCfg = Release|Win32
		{0CE6EB3A-DA3C-44AE-AC1E-DDC8DC36893A}.Release|x86.Build.0 = Release|Win32
		{06615448-2F01-457D-B5FB-97814DC54E0C}.Debug|x64.ActiveCfg = Debug|x64
		{06615448-2F01-457D-B5FB-97814DC54E0C}.Debug|x64.Build.0 = Debug|x64
		{06615448-2F01-457D-B5FB-97814DC54E0C}.Debug|x86.ActiveCfg = Debug|Win32
		{06615448-2F01-457D-B5FB-97814DC54E0C}.Debug|x86.Build.0 = Debug|Win32
		{06615448-2F01-457D-B5FB-97814DC54E0C}.Release|x64.ActiveCfg = Release|x64
		{06615448-2F01-457D-B5FB-97814DC54E0C}.Release|x64.Build.0 = Release|x64
		{06615448-2F01-457D-B5FB-97814DC54E0C}.Release|x86.ActiveCfg = Release|Win32
		{06615448-2F01-457D-B5FB-97814DC54E0C}.Release|x86.Build.0 = Release|Win32
		{AA6C21B4-138D-471A-8D99-96A7016112CE}.Debug|x64.ActiveCfg = Debug|x64
		{AA6C21B4-138D-471A-8D99-96A7016112CE}.Debug|x64.Build.0 = Debug|x64
		{AA6C21B4-138D-471A-8D99-96A7016112CE}.Debug|x86.ActiveCfg = Debug|Win32
		{AA6C21B4-138D-471A-8D99-96A7016112CE}.Debug|x86.Build.0 = Debug|Win32
		{AA6C21B4-138D-471A-8D99-96A7016112CE}.Release|x64.ActiveCfg = Release|x64
		{AA6C21B4-138D-471A-8D99-96A7016112CE}.Release|x64.Build.0 = Release|x64
		{AA6C21B4-138D-471A-8D99-96A7016112CE}.Release|x86.ActiveCfg = Release|Win32
		{AA6C21B4-138D-471A-8D99-96A7016112CE}.Release|x86.Build.0 = Release|Win32
		{C0CCC73C-5BCA-4567-BB28-9B3D5F88FE50}.Debug|x64.ActiveCfg = Debug|x64
		{C0CCC73C-5BCA-4567-BB28-9B3D5F88FE50}.Debug|x64.Build.0 = Debug|x64
		{C0CCC73C-5BCA-4567-BB28-9B3D5F88FE50}.Debug|x86.ActiveCfg = Debug|Win32
		{C0CCC73C-5BCA-4567-BB28-9B3D5F88FE50}.Debug|x86.Build.0 = Debug|Win32
		{C0CCC73C-5BCA-4567-BB28-9B3D5F88FE50}.Release|x64.ActiveCfg = Release|x64
		{C0CCC73C-5BCA-4567-BB28-9B3D5F88FE50}.Release|x64.Build.0 = Release|x64
		{C0CCC73C-5BCA-4567-BB28-9B3D5F88FE50}.Release|x86.ActiveCfg = Release|Win32
		{C0CCC73C-5BCA-4567-BB28-9B3D5F88FE50}.Release|x86.Build.0 = Release|Win32
		{897842C4-3268-4FF5-8547-DF3934D36F67}.Debug|x64.ActiveCfg = Debug|x64
		{897842C4-3268-4FF5-8547-DF3934D36F67}.Debug|x64.Build.0 = Debug|x64
		{897842C4-3268-4FF5-8547-DF3934D36F67}.Debug|x86.ActiveCfg = Debug|Win32
		{897842C4-3268-4FF5-8547-DF3934D36F67}.Debug|x86.Build.0 = Debug|Win32
		{897842C4-3268-4FF5-8547-DF3934D36F67}.Release|x64.ActiveCfg = Release|x64
		{897842C4-3268-4FF5-8547-DF3934D36F67}.Release|x64.Build.0 = Release|x64
		{897842C4-3268-4FF5-8547-DF3934D36F67}.Release|x86.ActiveCfg = Release|Win32
		{897842C4-3268-4FF5-8547-DF3934D36F67}.Release|x86.Build.0 = Release|Win32
		{38918EB8-697A-4A56-B152-9CDA00F77FFA}.Debug|x64.ActiveCfg = Debug|x64
		{38918EB8-697A-4A56-B152-9CDA00F77FFA}.Debug|x64.Build.0 = Debug|x64
		{38918EB8-697A-4A56-B152-9CDA00F77FFA}.Debug|x86.ActiveCfg = Debug|Win32
		{38918EB8-697A-4A56-B152-9CDA00F77FFA}.Debug|x86.Build.0 = Debug|Win32
		{38918EB8-697A-4A56-B152-9CDA00F77FFA}.Release|x64.ActiveCfg = Release|x64
		{38918EB8-697A-4A56-B152-9CDA00F77FFA}.Release|x64.Build.0 = Release|x64
		{38918EB8-697A-4A56-B152-9CDA00F77FFA}.Release|x86.ActiveCfg = Release|Win32
		{38918EB8-697A-4A56-B152-9CDA00F77FFA}.Release|x86.Build.0 = Release|Win32
		{06780542-C115-4BCB-A332-E5FA565731B6}.Debug|x64.ActiveCfg = Debug|x64
		{06780542-C115-4BCB-A332-E5FA565731B6}.Debug|x64.Build.0 = Debug|x64
		{06780542-C115-4BCB-A332-E5FA565731B6}.Debug|x86.ActiveCfg = Debug|Win32
		{06780542-C115-4BCB-A332-E5FA565731B6}.Debug|x86.Build.0 = Debug|Win32
		{06780542-C115-4BCB-A332-E5FA565731B6}.Release|x64.ActiveCfg = Release|x64
		{06780542-C115-4BCB-A332-E5FA565731B6}.Release|x64.Build.0 = Release|x64
		{06780542-C115-4BCB-A332-E5FA565731B6}.Release|x86.ActiveCfg = Release|Win32
		{06780542-C115-4BCB-A332-E5FA565731B6}.Release|x86.Build.0 = Release|Win32
		{A057A370-D2F8-48B0-B42F-982E9D79663D}.Debug|x64.ActiveCfg = Debug|x64
		{A057A370-D2F8-48B0-B42F-982E9D79663D}.Debug|x64.Build.0 = Debug|x64
		{A057A370-D2F8-48B0-B42F-982E9D79663D}.Debug|x86.ActiveCfg = Debug|Win32
		{A057A370-D2F8-48B0-B42F-982E9D79663D}.Debug|x86.Build.0 = Debug|Win32
		{A057A370-D2F8-48B0-B42F-982E9D79663D}.Release|x64.ActiveCfg = Release|x64
		{A057A370-D2F8-48B0-B42F-982E9D79663D}.Release|x64.Build.0 = Release|x64
		{A057A370-D2F8-48B0-B42F-982E9D79663D}.Release|x86.ActiveCfg = Release|Win32
		{A057A370-D2F8-48B0-B42F-982E9D79663D}.Release|x86.Build.0 = Release|Win32
	EndGlobalSection
	GlobalSection(SolutionProperties) = preSolution
		HideSolutionNode = FALSE
	EndGlobalSection
	GlobalSection(ExtensibilityGlobals) = postSolution
		SolutionGuid = {59F1A8C4-3772-454E-AF18-DBBE652BAA3D}
	EndGlobalSection
EndGlobal
