
Microsoft Visual Studio Solution File, Format Version 12.00
# Visual Studio Version 17
VisualStudioVersion = 17.7.34031.279
MinimumVisualStudioVersion = 10.0.40219.1
Project("{8BC9CEB8-8B4A-11D0-8D11-00A0C91BC942}") = "LAB4_2", "LAB4_2\LAB4_2.vcxproj", "{AA93BE36-7210-43A2-A908-0569246583A9}"
EndProject
Project("{8BC9CEB8-8B4A-11D0-8D11-00A0C91BC942}") = "LAB4_3", "LAB4_3\LAB4_3.vcxproj", "{166A8775-8430-4BEE-B677-C32E2F309650}"
EndProject
Project("{8BC9CEB8-8B4A-11D0-8D11-00A0C91BC942}") = "HW4_1", "HW4_1\HW4_1.vcxproj", "{BD392379-57F5-4D78-BBFE-5B1B4BA03B4A}"
EndProject
Project("{8BC9CEB8-8B4A-11D0-8D11-00A0C91BC942}") = "HW4_2", "HW4_2\HW4_2.vcxproj", "{3B9A2BBB-96B3-4D61-AA8B-B8AD7FA26334}"
EndProject
Project("{8BC9CEB8-8B4A-11D0-8D11-00A0C91BC942}") = "HW4_3_1", "HW4_3_1\HW4_3_1.vcxproj", "{D9B214EA-7946-46FA-BF61-3D8606F95069}"
EndProject
Project("{8BC9CEB8-8B4A-11D0-8D11-00A0C91BC942}") = "HW4_3_0", "HW4_3_0\HW4_3_0.vcxproj", "{DCE30F01-A734-487C-866B-36B67E2F5F99}"
EndProject
Project("{8BC9CEB8-8B4A-11D0-8D11-00A0C91BC942}") = "HW4_4", "HW4_4\HW4_4.vcxproj", "{E7711DE1-18A4-4608-B785-19F2153995CC}"
EndProject
Project("{8BC9CEB8-8B4A-11D0-8D11-00A0C91BC942}") = "HW4_5_1", "HW4_5_1\HW4_5_1.vcxproj", "{4A149C27-F4C5-4485-B4BE-A6E99D1F6047}"
EndProject
Project("{8BC9CEB8-8B4A-11D0-8D11-00A0C91BC942}") = "HW4_5_2", "HW4_5_2\HW4_5_2.vcxproj", "{4C23CDDC-3998-402A-B889-1D68DBC770BB}"
EndProject
Project("{8BC9CEB8-8B4A-11D0-8D11-00A0C91BC942}") = "challenge4_1", "challenge4_1\challenge4_1.vcxproj", "{AA1DFCF4-A2E9-4816-8597-2B39B2EFE7DB}"
EndProject
Project("{8BC9CEB8-8B4A-11D0-8D11-00A0C91BC942}") = "challenge4_2", "challenge4_2\challenge4_2.vcxproj", "{CC08638F-77E3-41A3-BF85-66F3BAF59EF6}"
EndProject
Project("{8BC9CEB8-8B4A-11D0-8D11-00A0C91BC942}") = "Project1", "Project1\Project1.vcxproj", "{1C2DDB21-252B-4F32-9BB2-A34E9D94BE75}"
EndProject
Global
	GlobalSection(SolutionConfigurationPlatforms) = preSolution
		Debug|x64 = Debug|x64
		Debug|x86 = Debug|x86
		Release|x64 = Release|x64
		Release|x86 = Release|x86
	EndGlobalSection
	GlobalSection(ProjectConfigurationPlatforms) = postSolution
		{AA93BE36-7210-43A2-A908-0569246583A9}.Debug|x64.ActiveCfg = Debug|x64
		{AA93BE36-7210-43A2-A908-0569246583A9}.Debug|x64.Build.0 = Debug|x64
		{AA93BE36-7210-43A2-A908-0569246583A9}.Debug|x86.ActiveCfg = Debug|Win32
		{AA93BE36-7210-43A2-A908-0569246583A9}.Debug|x86.Build.0 = Debug|Win32
		{AA93BE36-7210-43A2-A908-0569246583A9}.Release|x64.ActiveCfg = Release|x64
		{AA93BE36-7210-43A2-A908-0569246583A9}.Release|x64.Build.0 = Release|x64
		{AA93BE36-7210-43A2-A908-0569246583A9}.Release|x86.ActiveCfg = Release|Win32
		{AA93BE36-7210-43A2-A908-0569246583A9}.Release|x86.Build.0 = Release|Win32
		{166A8775-8430-4BEE-B677-C32E2F309650}.Debug|x64.ActiveCfg = Debug|x64
		{166A8775-8430-4BEE-B677-C32E2F309650}.Debug|x64.Build.0 = Debug|x64
		{166A8775-8430-4BEE-B677-C32E2F309650}.Debug|x86.ActiveCfg = Debug|Win32
		{166A8775-8430-4BEE-B677-C32E2F309650}.Debug|x86.Build.0 = Debug|Win32
		{166A8775-8430-4BEE-B677-C32E2F309650}.Release|x64.ActiveCfg = Release|x64
		{166A8775-8430-4BEE-B677-C32E2F309650}.Release|x64.Build.0 = Release|x64
		{166A8775-8430-4BEE-B677-C32E2F309650}.Release|x86.ActiveCfg = Release|Win32
		{166A8775-8430-4BEE-B677-C32E2F309650}.Release|x86.Build.0 = Release|Win32
		{BD392379-57F5-4D78-BBFE-5B1B4BA03B4A}.Debug|x64.ActiveCfg = Debug|x64
		{BD392379-57F5-4D78-BBFE-5B1B4BA03B4A}.Debug|x64.Build.0 = Debug|x64
		{BD392379-57F5-4D78-BBFE-5B1B4BA03B4A}.Debug|x86.ActiveCfg = Debug|Win32
		{BD392379-57F5-4D78-BBFE-5B1B4BA03B4A}.Debug|x86.Build.0 = Debug|Win32
		{BD392379-57F5-4D78-BBFE-5B1B4BA03B4A}.Release|x64.ActiveCfg = Release|x64
		{BD392379-57F5-4D78-BBFE-5B1B4BA03B4A}.Release|x64.Build.0 = Release|x64
		{BD392379-57F5-4D78-BBFE-5B1B4BA03B4A}.Release|x86.ActiveCfg = Release|Win32
		{BD392379-57F5-4D78-BBFE-5B1B4BA03B4A}.Release|x86.Build.0 = Release|Win32
		{3B9A2BBB-96B3-4D61-AA8B-B8AD7FA26334}.Debug|x64.ActiveCfg = Debug|x64
		{3B9A2BBB-96B3-4D61-AA8B-B8AD7FA26334}.Debug|x64.Build.0 = Debug|x64
		{3B9A2BBB-96B3-4D61-AA8B-B8AD7FA26334}.Debug|x86.ActiveCfg = Debug|Win32
		{3B9A2BBB-96B3-4D61-AA8B-B8AD7FA26334}.Debug|x86.Build.0 = Debug|Win32
		{3B9A2BBB-96B3-4D61-AA8B-B8AD7FA26334}.Release|x64.ActiveCfg = Release|x64
		{3B9A2BBB-96B3-4D61-AA8B-B8AD7FA26334}.Release|x64.Build.0 = Release|x64
		{3B9A2BBB-96B3-4D61-AA8B-B8AD7FA26334}.Release|x86.ActiveCfg = Release|Win32
		{3B9A2BBB-96B3-4D61-AA8B-B8AD7FA26334}.Release|x86.Build.0 = Release|Win32
		{D9B214EA-7946-46FA-BF61-3D8606F95069}.Debug|x64.ActiveCfg = Debug|x64
		{D9B214EA-7946-46FA-BF61-3D8606F95069}.Debug|x64.Build.0 = Debug|x64
		{D9B214EA-7946-46FA-BF61-3D8606F95069}.Debug|x86.ActiveCfg = Debug|Win32
		{D9B214EA-7946-46FA-BF61-3D8606F95069}.Debug|x86.Build.0 = Debug|Win32
		{D9B214EA-7946-46FA-BF61-3D8606F95069}.Release|x64.ActiveCfg = Release|x64
		{D9B214EA-7946-46FA-BF61-3D8606F95069}.Release|x64.Build.0 = Release|x64
		{D9B214EA-7946-46FA-BF61-3D8606F95069}.Release|x86.ActiveCfg = Release|Win32
		{D9B214EA-7946-46FA-BF61-3D8606F95069}.Release|x86.Build.0 = Release|Win32
		{DCE30F01-A734-487C-866B-36B67E2F5F99}.Debug|x64.ActiveCfg = Debug|x64
		{DCE30F01-A734-487C-866B-36B67E2F5F99}.Debug|x64.Build.0 = Debug|x64
		{DCE30F01-A734-487C-866B-36B67E2F5F99}.Debug|x86.ActiveCfg = Debug|Win32
		{DCE30F01-A734-487C-866B-36B67E2F5F99}.Debug|x86.Build.0 = Debug|Win32
		{DCE30F01-A734-487C-866B-36B67E2F5F99}.Release|x64.ActiveCfg = Release|x64
		{DCE30F01-A734-487C-866B-36B67E2F5F99}.Release|x64.Build.0 = Release|x64
		{DCE30F01-A734-487C-866B-36B67E2F5F99}.Release|x86.ActiveCfg = Release|Win32
		{DCE30F01-A734-487C-866B-36B67E2F5F99}.Release|x86.Build.0 = Release|Win32
		{E7711DE1-18A4-4608-B785-19F2153995CC}.Debug|x64.ActiveCfg = Debug|x64
		{E7711DE1-18A4-4608-B785-19F2153995CC}.Debug|x64.Build.0 = Debug|x64
		{E7711DE1-18A4-4608-B785-19F2153995CC}.Debug|x86.ActiveCfg = Debug|Win32
		{E7711DE1-18A4-4608-B785-19F2153995CC}.Debug|x86.Build.0 = Debug|Win32
		{E7711DE1-18A4-4608-B785-19F2153995CC}.Release|x64.ActiveCfg = Release|x64
		{E7711DE1-18A4-4608-B785-19F2153995CC}.Release|x64.Build.0 = Release|x64
		{E7711DE1-18A4-4608-B785-19F2153995CC}.Release|x86.ActiveCfg = Release|Win32
		{E7711DE1-18A4-4608-B785-19F2153995CC}.Release|x86.Build.0 = Release|Win32
		{4A149C27-F4C5-4485-B4BE-A6E99D1F6047}.Debug|x64.ActiveCfg = Debug|x64
		{4A149C27-F4C5-4485-B4BE-A6E99D1F6047}.Debug|x64.Build.0 = Debug|x64
		{4A149C27-F4C5-4485-B4BE-A6E99D1F6047}.Debug|x86.ActiveCfg = Debug|Win32
		{4A149C27-F4C5-4485-B4BE-A6E99D1F6047}.Debug|x86.Build.0 = Debug|Win32
		{4A149C27-F4C5-4485-B4BE-A6E99D1F6047}.Release|x64.ActiveCfg = Release|x64
		{4A149C27-F4C5-4485-B4BE-A6E99D1F6047}.Release|x64.Build.0 = Release|x64
		{4A149C27-F4C5-4485-B4BE-A6E99D1F6047}.Release|x86.ActiveCfg = Release|Win32
		{4A149C27-F4C5-4485-B4BE-A6E99D1F6047}.Release|x86.Build.0 = Release|Win32
		{4C23CDDC-3998-402A-B889-1D68DBC770BB}.Debug|x64.ActiveCfg = Debug|x64
		{4C23CDDC-3998-402A-B889-1D68DBC770BB}.Debug|x64.Build.0 = Debug|x64
		{4C23CDDC-3998-402A-B889-1D68DBC770BB}.Debug|x86.ActiveCfg = Debug|Win32
		{4C23CDDC-3998-402A-B889-1D68DBC770BB}.Debug|x86.Build.0 = Debug|Win32
		{4C23CDDC-3998-402A-B889-1D68DBC770BB}.Release|x64.ActiveCfg = Release|x64
		{4C23CDDC-3998-402A-B889-1D68DBC770BB}.Release|x64.Build.0 = Release|x64
		{4C23CDDC-3998-402A-B889-1D68DBC770BB}.Release|x86.ActiveCfg = Release|Win32
		{4C23CDDC-3998-402A-B889-1D68DBC770BB}.Release|x86.Build.0 = Release|Win32
		{AA1DFCF4-A2E9-4816-8597-2B39B2EFE7DB}.Debug|x64.ActiveCfg = Debug|x64
		{AA1DFCF4-A2E9-4816-8597-2B39B2EFE7DB}.Debug|x64.Build.0 = Debug|x64
		{AA1DFCF4-A2E9-4816-8597-2B39B2EFE7DB}.Debug|x86.ActiveCfg = Debug|Win32
		{AA1DFCF4-A2E9-4816-8597-2B39B2EFE7DB}.Debug|x86.Build.0 = Debug|Win32
		{AA1DFCF4-A2E9-4816-8597-2B39B2EFE7DB}.Release|x64.ActiveCfg = Release|x64
		{AA1DFCF4-A2E9-4816-8597-2B39B2EFE7DB}.Release|x64.Build.0 = Release|x64
		{AA1DFCF4-A2E9-4816-8597-2B39B2EFE7DB}.Release|x86.ActiveCfg = Release|Win32
		{AA1DFCF4-A2E9-4816-8597-2B39B2EFE7DB}.Release|x86.Build.0 = Release|Win32
		{CC08638F-77E3-41A3-BF85-66F3BAF59EF6}.Debug|x64.ActiveCfg = Debug|x64
		{CC08638F-77E3-41A3-BF85-66F3BAF59EF6}.Debug|x64.Build.0 = Debug|x64
		{CC08638F-77E3-41A3-BF85-66F3BAF59EF6}.Debug|x86.ActiveCfg = Debug|Win32
		{CC08638F-77E3-41A3-BF85-66F3BAF59EF6}.Debug|x86.Build.0 = Debug|Win32
		{CC08638F-77E3-41A3-BF85-66F3BAF59EF6}.Release|x64.ActiveCfg = Release|x64
		{CC08638F-77E3-41A3-BF85-66F3BAF59EF6}.Release|x64.Build.0 = Release|x64
		{CC08638F-77E3-41A3-BF85-66F3BAF59EF6}.Release|x86.ActiveCfg = Release|Win32
		{CC08638F-77E3-41A3-BF85-66F3BAF59EF6}.Release|x86.Build.0 = Release|Win32
		{1C2DDB21-252B-4F32-9BB2-A34E9D94BE75}.Debug|x64.ActiveCfg = Debug|x64
		{1C2DDB21-252B-4F32-9BB2-A34E9D94BE75}.Debug|x64.Build.0 = Debug|x64
		{1C2DDB21-252B-4F32-9BB2-A34E9D94BE75}.Debug|x86.ActiveCfg = Debug|Win32
		{1C2DDB21-252B-4F32-9BB2-A34E9D94BE75}.Debug|x86.Build.0 = Debug|Win32
		{1C2DDB21-252B-4F32-9BB2-A34E9D94BE75}.Release|x64.ActiveCfg = Release|x64
		{1C2DDB21-252B-4F32-9BB2-A34E9D94BE75}.Release|x64.Build.0 = Release|x64
		{1C2DDB21-252B-4F32-9BB2-A34E9D94BE75}.Release|x86.ActiveCfg = Release|Win32
		{1C2DDB21-252B-4F32-9BB2-A34E9D94BE75}.Release|x86.Build.0 = Release|Win32
	EndGlobalSection
	GlobalSection(SolutionProperties) = preSolution
		HideSolutionNode = FALSE
	EndGlobalSection
	GlobalSection(ExtensibilityGlobals) = postSolution
		SolutionGuid = {7D4F3588-D9AD-47B8-973B-F7D1166F0870}
	EndGlobalSection
EndGlobal
